PODS:
  - ActiveLabel (1.0.1)
  - Adjust (4.18.1):
    - Adjust/Core (= 4.18.1)
  - Adjust/Core (4.18.1)
  - AFNetworking (1.3.4)
  - AlignedCollectionViewFlowLayout (1.1.2)
  - Appboy-iOS-SDK (3.20.2):
    - Appboy-iOS-SDK/UI (= 3.20.2)
  - Appboy-iOS-SDK/ContentCards (3.20.2):
    - Appboy-iOS-SDK/Core
    - SDWebImage (~> 5.0)
  - Appboy-iOS-SDK/Core (3.20.2)
  - Appboy-iOS-SDK/InAppMessage (3.20.2):
    - Appboy-iOS-SDK/Core
    - SDWebImage (~> 5.0)
  - Appboy-iOS-SDK/NewsFeed (3.20.2):
    - Appboy-iOS-SDK/Core
    - SDWebImage (~> 5.0)
  - Appboy-iOS-SDK/UI (3.20.2):
    - Appboy-iOS-SDK/ContentCards
    - Appboy-iOS-SDK/Core
    - Appboy-iOS-SDK/InAppMessage
    - Appboy-iOS-SDK/NewsFeed
  - CheckoutKit (3.0.6)
  - Crashlytics (3.8.6):
    - Fabric (~> 1.6.3)
  - CustomerChat (2.1.4):
    - ActiveLabel (= 1.0.1)
    - InputBarAccessoryView (= 4.2.1)
    - SendBirdSDK (= 3.0.131)
  - DYRateView (0.0.2)
  - Fabric (1.6.13)
  - Firebase/Analytics (3.17.0):
    - Firebase/Core
  - Firebase/Core (3.17.0):
    - FirebaseAnalytics (= 3.9.0)
    - FirebaseCore (= 3.6.0)
  - Firebase/RemoteConfig (3.17.0):
    - Firebase/Core
    - FirebaseRemoteConfig (= 1.3.4)
  - FirebaseAnalytics (3.9.0):
    - FirebaseCore (~> 3.6)
    - FirebaseInstanceID (~> 1.0)
    - "GoogleToolboxForMac/NSData+zlib (~> 2.1)"
  - FirebaseCore (3.6.0):
    - "GoogleToolboxForMac/NSData+zlib (~> 2.1)"
  - FirebaseInstanceID (1.0.10):
    - FirebaseCore (~> 3.6)
  - FirebaseRemoteConfig (1.3.4):
    - FirebaseAnalytics (~> 3.7)
    - FirebaseInstanceID (~> 1.0)
    - "GoogleToolboxForMac/NSData+zlib (~> 2.1)"
    - Protobuf (~> 3.1)
  - FunWithFlags (5.0.8)
  - GoogleAnalytics (3.17.0)
  - GoogleConversionTracking (3.4.0)
  - GoogleMaps (3.1.0):
    - GoogleMaps/Maps (= 3.1.0)
  - GoogleMaps/Base (3.1.0)
  - GoogleMaps/Maps (3.1.0):
    - GoogleMaps/Base
  - GooglePlaces (3.1.0):
    - GoogleMaps/Base (= 3.1.0)
  - GoogleSymbolUtilities (1.1.2)
  - GoogleTagManager (5.0.8):
    - FirebaseAnalytics (~> 3.0)
    - GoogleAnalytics (~> 3.0)
    - GoogleUtilities (~> 1.3.0)
  - GoogleToolboxForMac/Defines (2.2.1)
  - "GoogleToolboxForMac/NSData+zlib (2.2.1)":
    - GoogleToolboxForMac/Defines (= 2.2.1)
  - GoogleUtilities (1.3.2):
    - GoogleSymbolUtilities (~> 1.1)
  - InputBarAccessoryView (4.2.1)
  - IQKeyboardManagerSwift (6.5.0)
  - ISO8601DateFormatterValueTransformer (0.6.1):
    - RKValueTransformers (~> 1.1.0)
  - Kingfisher (5.7.1)
  - MarqueeLabel/Swift (3.2.1)
  - mopub-ios-sdk (4.16.1):
    - mopub-ios-sdk/MoPubSDK (= 4.16.1)
  - mopub-ios-sdk/Avid (4.16.1):
    - mopub-ios-sdk/Core
  - mopub-ios-sdk/Core (4.16.1)
  - mopub-ios-sdk/Moat (4.16.1):
    - mopub-ios-sdk/Core
  - mopub-ios-sdk/MoPubSDK (4.16.1):
    - mopub-ios-sdk/Avid
    - mopub-ios-sdk/Core
    - mopub-ios-sdk/Moat
  - NotificationBannerSwift (1.8.9):
    - MarqueeLabel/Swift (~> 3.2.0)
    - SnapKit (~> 4.0.1)
  - NUI (0.5.5):
    - NUIParse
  - NUIParse (1.4)
  - PDFReader (2.5.1)
  - Protobuf (3.9.0)
  - RestKit (0.27.2):
    - RestKit/Core (= 0.27.2)
  - RestKit/Core (0.27.2):
    - RestKit/CoreData
    - RestKit/Network
    - RestKit/ObjectMapping
  - RestKit/CoreData (0.27.2):
    - RestKit/ObjectMapping
  - RestKit/Network (0.27.2):
    - RestKit/ObjectMapping
    - RestKit/Support
    - SOCKit
  - RestKit/ObjectMapping (0.27.2):
    - ISO8601DateFormatterValueTransformer (~> 0.6.1)
    - RestKit/Support
    - RKValueTransformers (~> 1.1.0)
  - RestKit/Support (0.27.2):
    - TransitionKit (~> 2.2)
  - RKValueTransformers (1.1.3)
  - SDWebImage (5.0.0):
    - SDWebImage/Core (= 5.0.0)
  - SDWebImage/Core (5.0.0)
  - SendBirdSDK (3.0.131)
  - SnapKit (4.0.1)
  - SOCKit (1.1)
  - SVProgressHUD (2.2)
  - SwifterSwift (5.1.0):
    - SwifterSwift/AppKit (= 5.1.0)
    - SwifterSwift/CoreGraphics (= 5.1.0)
    - SwifterSwift/CoreLocation (= 5.1.0)
    - SwifterSwift/Dispatch (= 5.1.0)
    - SwifterSwift/Foundation (= 5.1.0)
    - SwifterSwift/MapKit (= 5.1.0)
    - SwifterSwift/SceneKit (= 5.1.0)
    - SwifterSwift/SpriteKit (= 5.1.0)
    - SwifterSwift/SwiftStdlib (= 5.1.0)
    - SwifterSwift/UIKit (= 5.1.0)
  - SwifterSwift/AppKit (5.1.0)
  - SwifterSwift/CoreGraphics (5.1.0)
  - SwifterSwift/CoreLocation (5.1.0)
  - SwifterSwift/Dispatch (5.1.0)
  - SwifterSwift/Foundation (5.1.0)
  - SwifterSwift/MapKit (5.1.0)
  - SwifterSwift/SceneKit (5.1.0)
  - SwifterSwift/SpriteKit (5.1.0)
  - SwifterSwift/SwiftStdlib (5.1.0)
  - SwifterSwift/UIKit (5.1.0)
  - TransitionalLoader (0.0.2)
  - TransitionKit (2.2.1)
  - TWMessageBarManager (1.8.1)
  - "UITextView+Placeholder (1.3.3)"
  - WYPopoverController (0.2.2)
  - XLPagerTabStrip (8.1.0)
  - ZDCChat (1.3.6.1):
    - ZDCChat/API (= 1.3.6.1)
    - ZDCChat/Localization (= 1.3.6.1)
    - ZDCChat/UI (= 1.3.6.1)
  - ZDCChat/API (1.3.6.1)
  - ZDCChat/Localization (1.3.6.1)
  - ZDCChat/UI (1.3.6.1):
    - ZDCChat/API
  - ZendeskSDK (1.9.2.2):
    - ZendeskSDK/Providers (= 1.9.2.2)
    - ZendeskSDK/UI (= 1.9.2.2)
  - ZendeskSDK/Providers (1.9.2.2)
  - ZendeskSDK/UI (1.9.2.2):
    - ZendeskSDK/Providers

DEPENDENCIES:
  - Adjust (= 4.18.1)
  - AFNetworking (= 1.3.4)
  - AlignedCollectionViewFlowLayout (= 1.1.2)
  - Appboy-iOS-SDK (= 3.20.2)
  - CheckoutKit
  - Crashlytics (= 3.8.6)
  - "CustomerChat (from `git@github.com:HungerStation/logistics-rider-app-sendbird-ios.git`)"
  - DYRateView (= 0.0.2)
  - Fabric (= 1.6.13)
  - Firebase/Analytics (= 3.17.0)
  - Firebase/Core (= 3.17.0)
  - Firebase/RemoteConfig (= 3.17.0)
  - FunWithFlags (= 5.0.8)
  - GoogleConversionTracking (= 3.4.0)
  - GoogleMaps (= 3.1.0)
  - GooglePlaces (= 3.1.0)
  - GoogleTagManager
  - IQKeyboardManagerSwift (from `https://github.com/hackiftekhar/IQKeyboardManager.git`, tag `v6.5.0`)
  - Kingfisher (= 5.7.1)
  - mopub-ios-sdk (= 4.16.1)
  - NotificationBannerSwift (from `https://github.com/mmgrt/NotificationBanner.git`, tag `1.8.9`)
  - NUI (from `https://github.com/tombenner/nui.git`)
  - "NUIParse (from `git@github.com:HungerStation/NUIParse.git`)"
  - PDFReader
  - RestKit (= 0.27.2)
  - SDWebImage (= 5.0.0)
  - SVProgressHUD (= 2.2)
  - SwifterSwift (from `https://github.com/SwifterSwift/SwifterSwift.git`, tag `5.1.0`)
  - "TransitionalLoader (from `git@github.com:HungerStation/TransitionalLoader.git`)"
  - TWMessageBarManager (= 1.8.1)
  - "UITextView+Placeholder (= 1.3.3)"
  - WYPopoverController (= 0.2.2)
  - XLPagerTabStrip (= 8.1.0)
  - ZDCChat (= 1.3.6.1)
  - ZendeskSDK (= 1.9.2.2)

SPEC REPOS:
  https://fwf.jfrog.io/fwf/api/pods/cocoapods-local:
    - FunWithFlags
  https://github.com/CocoaPods/Specs.git:
    - Appboy-iOS-SDK
    - Firebase
    - Protobuf
  trunk:
    - ActiveLabel
    - Adjust
    - AFNetworking
    - AlignedCollectionViewFlowLayout
    - CheckoutKit
    - Crashlytics
    - DYRateView
    - Fabric
    - FirebaseAnalytics
    - FirebaseCore
    - FirebaseInstanceID
    - FirebaseRemoteConfig
    - GoogleAnalytics
    - GoogleConversionTracking
    - GoogleMaps
    - GooglePlaces
    - GoogleSymbolUtilities
    - GoogleTagManager
    - GoogleToolboxForMac
    - GoogleUtilities
    - InputBarAccessoryView
    - ISO8601DateFormatterValueTransformer
    - Kingfisher
    - MarqueeLabel
    - mopub-ios-sdk
    - PDFReader
    - RestKit
    - RKValueTransformers
    - SDWebImage
    - SendBirdSDK
    - SnapKit
    - SOCKit
    - SVProgressHUD
    - TransitionKit
    - TWMessageBarManager
    - "UITextView+Placeholder"
    - WYPopoverController
    - XLPagerTabStrip
    - ZDCChat
    - ZendeskSDK

EXTERNAL SOURCES:
  CustomerChat:
    :git: "git@github.com:HungerStation/logistics-rider-app-sendbird-ios.git"
  IQKeyboardManagerSwift:
    :git: https://github.com/hackiftekhar/IQKeyboardManager.git
    :tag: v6.5.0
  NotificationBannerSwift:
    :git: https://github.com/mmgrt/NotificationBanner.git
    :tag: 1.8.9
  NUI:
    :git: https://github.com/tombenner/nui.git
  NUIParse:
    :git: "git@github.com:HungerStation/NUIParse.git"
  SwifterSwift:
    :git: https://github.com/SwifterSwift/SwifterSwift.git
    :tag: 5.1.0
  TransitionalLoader:
    :git: "git@github.com:HungerStation/TransitionalLoader.git"

CHECKOUT OPTIONS:
  CustomerChat:
    :commit: 580ba73ab324dfd8b7b52d65a09067dd802e3215
    :git: "git@github.com:HungerStation/logistics-rider-app-sendbird-ios.git"
  IQKeyboardManagerSwift:
    :git: https://github.com/hackiftekhar/IQKeyboardManager.git
    :tag: v6.5.0
  NotificationBannerSwift:
    :git: https://github.com/mmgrt/NotificationBanner.git
    :tag: 1.8.9
  NUI:
    :commit: 744a36f74b28d43a7cc836ba85c62e4e0ccde78e
    :git: https://github.com/tombenner/nui.git
  NUIParse:
    :commit: e60b09cf2e5d1f019b9ffad7bb4fe90b1d726ed9
    :git: "git@github.com:HungerStation/NUIParse.git"
  SwifterSwift:
    :git: https://github.com/SwifterSwift/SwifterSwift.git
    :tag: 5.1.0
  TransitionalLoader:
    :commit: 1b45eec20c4b07a1ab076877b482967f93848216
    :git: "git@github.com:HungerStation/TransitionalLoader.git"

SPEC CHECKSUMS:
  ActiveLabel: b8b2396fe25308d563601437d6605bf691c3b5db
  Adjust: d3797f60b8e9f5438e6d2aee21ec39ac1e2f357b
  AFNetworking: cf8e418e16f0c9c7e5c3150d019a3c679d015018
  AlignedCollectionViewFlowLayout: ee2ef451e741ec08f8e0967d828001e2f051c20a
  Appboy-iOS-SDK: a9bb76128853e98a9ef6d12b0c8c91debc9bc475
  CheckoutKit: c7539f8fde462c69760d1abe0ad4cb562eb438cd
  Crashlytics: 95d05f4e4c19a771250c4bd9ce344d996de32bbf
  CustomerChat: 3cd7ecada856f48de72249e23426e92124500cdc
  DYRateView: 182475154ab638df0fa9080ef168bdd35f57da95
  Fabric: 2fb5676bc811af011a04513451f463dac6803206
  Firebase: 4b66b5b59c43edac745b87f0c87e42cdd0279c13
  FirebaseAnalytics: e5fe8486efc01bec33f6bf82e2fa9fce4b124052
  FirebaseCore: 9691ee2ade70c098d7cf92440f4303f16d83ca75
  FirebaseInstanceID: b9eedd6846fb5e1f0f7279e1deaa7a7e4cf8392e
  FirebaseRemoteConfig: af3003f4e8daa2bd1d5cf90d3cccc1fe224f8ed9
  FunWithFlags: ee4adc463569004b02a31c33716d49640d2b46e5
  GoogleAnalytics: f42cc53a87a51fe94334821868d9c8481ff47a7b
  GoogleConversionTracking: ca8c89abda2bd28bb6472b316eeb4ece9264e279
  GoogleMaps: 5c13302e6fe6bb6e686b267196586b91cd594225
  GooglePlaces: e874db179f2675c4f3eeda0b686b540273a578b0
  GoogleSymbolUtilities: 631ee17048aa5e9ab133470d768ea997a5ef9b96
  GoogleTagManager: 312a9a033d224e66ceaa42f35f4c7bf893211d79
  GoogleToolboxForMac: b3553629623a3b1bff17f555e736cd5a6d95ad55
  GoogleUtilities: 8bbc733218aad26306f9d4a253823986110e3358
  InputBarAccessoryView: 37175becdced159cd9ea335f47ae001b1e112909
  IQKeyboardManagerSwift: f1ae303c62a8637421bc30a903bc8c50451fd687
  ISO8601DateFormatterValueTransformer: 52da467d6ec899d6aedda8e48280ac92e8ee97e6
  Kingfisher: 176d377ad339113c99ad4980cbae687f807e20fe
  MarqueeLabel: 2daf039bf916937c8a4c9adfc13577cc5e51b4ce
  mopub-ios-sdk: a5b978f489e0d4016a3804f2f8e1aa4f1b1df391
  NotificationBannerSwift: efccb8a37686822705ef9cc1b55c07849a1df227
  NUI: 53de7278003235deb2a375fe6f04c7a3aa3e49eb
  NUIParse: 8929ebb12419ca0bfdba3e0e1be47e33593b3fab
  PDFReader: 2c4a845d0560f33221cf911516e3b700967680f6
  Protobuf: 1097ca58584c8d9be81bfbf2c5ff5975648dd87a
  RestKit: 556c913b0640c5bc5a9cb972361504e3ed628a1d
  RKValueTransformers: e5ed67e3811229b616fe01bddeeafe3bb337b1b9
  SDWebImage: 5de80a0302de9e377e62f47d2fa1304efff0e55f
  SendBirdSDK: a3cb83a690237ae9cb6044daed6f3231830d8c85
  SnapKit: 0de968a9fec17499afa29683b05d0c775b6d1c29
  SOCKit: c7376ac262bea9115b8f749358f762522a47d392
  SVProgressHUD: 3f37f3409ddb15f35c99315ae7dc33c474aa3256
  SwifterSwift: d7f9e2a980d22555232beea26e722a6a94730758
  TransitionalLoader: aee3a817a7e663af31626133eab59e3480bad70a
  TransitionKit: 9ceccda4cd0cdc0a05ef85eb235e5a3292c3c250
  TWMessageBarManager: fd84e7948ba7968a2b5d9454859135761214ec56
  "UITextView+Placeholder": c407b27599ea23cca425946fee3cf1db5d547008
  WYPopoverController: 00d879c25bddd1fd873dcc21aa98c8308d7f1555
  XLPagerTabStrip: 22d4c58200d7c105e0e407ab6bfd01a5d85014be
  ZDCChat: b2342d2117bccc87b1f8e8521fff6808eb3f8546
  ZendeskSDK: 658f9f952591b2b79edd4b4bc2c8a01bc3ccf141

PODFILE CHECKSUM: cc41ea5d0400b76e13a96b0a47ce12da785f2b1c

COCOAPODS: 1.8.4
